
Microsoft Visual Studio Solution File, Format Version 12.00
# Visual Studio Version 16
VisualStudioVersion = 16.0.31129.286
MinimumVisualStudioVersion = 10.0.40219.1
Project("{FAE04EC0-301F-11D3-BF4B-00C04F79EFBC}") = "FrequencyIS", "FrequencyIS.csproj", "{F3F9554D-F89F-4CD4-B548-56340E7761EE}"
EndProject
Global
	GlobalSection(SolutionConfigurationPlatforms) = preSolution
		Debug|Any CPU = Debug|Any CPU
		Release|Any CPU = Release|Any CPU
	EndGlobalSection
	GlobalSection(ProjectConfigurationPlatforms) = postSolution
		{F3F9554D-F89F-4CD4-B548-56340E7761EE}.Debug|Any CPU.ActiveCfg = Debug|Any CPU
		{F3F9554D-F89F-4CD4-B548-56340E7761EE}.Debug|Any CPU.Build.0 = Debug|Any CPU
		{F3F9554D-F89F-4CD4-B548-56340E7761EE}.Release|Any CPU.ActiveCfg = Release|Any CPU
		{F3F9554D-F89F-4CD4-B548-56340E7761EE}.Release|Any CPU.Build.0 = Release|Any CPU
	EndGlobalSection
	GlobalSection(SolutionProperties) = preSolution
		HideSolutionNode = FALSE
	EndGlobalSection
	GlobalSection(ExtensibilityGlobals) = postSolution
		SolutionGuid = {374A39D5-9B85-4D38-89BD-FC699E2CA5AB}
	EndGlobalSection
EndGlobal
