
Microsoft Visual Studio Solution File, Format Version 12.00
# Visual Studio Version 16
VisualStudioVersion = 16.0.31129.286
MinimumVisualStudioVersion = 10.0.40219.1
Project("{FAE04EC0-301F-11D3-BF4B-00C04F79EFBC}") = "ThreadPoolProg", "ThreadPoolProg.csproj", "{21F0D336-D0EF-4B02-A47B-63C39BBBB36A}"
EndProject
Global
	GlobalSection(SolutionConfigurationPlatforms) = preSolution
		Debug|Any CPU = Debug|Any CPU
		Release|Any CPU = Release|Any CPU
	EndGlobalSection
	GlobalSection(ProjectConfigurationPlatforms) = postSolution
		{21F0D336-D0EF-4B02-A47B-63C39BBBB36A}.Debug|Any CPU.ActiveCfg = Debug|Any CPU
		{21F0D336-D0EF-4B02-A47B-63C39BBBB36A}.Debug|Any CPU.Build.0 = Debug|Any CPU
		{21F0D336-D0EF-4B02-A47B-63C39BBBB36A}.Release|Any CPU.ActiveCfg = Release|Any CPU
		{21F0D336-D0EF-4B02-A47B-63C39BBBB36A}.Release|Any CPU.Build.0 = Release|Any CPU
	EndGlobalSection
	GlobalSection(SolutionProperties) = preSolution
		HideSolutionNode = FALSE
	EndGlobalSection
	GlobalSection(ExtensibilityGlobals) = postSolution
		SolutionGuid = {4E145802-D666-4344-9940-58E154E456C5}
	EndGlobalSection
EndGlobal
