
Microsoft Visual Studio Solution File, Format Version 12.00
# Visual Studio Version 16
VisualStudioVersion = 16.0.31129.286
MinimumVisualStudioVersion = 10.0.40219.1
Project("{FAE04EC0-301F-11D3-BF4B-00C04F79EFBC}") = "Fibonacci", "Fibonacci.csproj", "{B16854D7-D89A-43C6-B8E3-E31C2E385276}"
EndProject
Global
	GlobalSection(SolutionConfigurationPlatforms) = preSolution
		Debug|Any CPU = Debug|Any CPU
		Release|Any CPU = Release|Any CPU
	EndGlobalSection
	GlobalSection(ProjectConfigurationPlatforms) = postSolution
		{B16854D7-D89A-43C6-B8E3-E31C2E385276}.Debug|Any CPU.ActiveCfg = Debug|Any CPU
		{B16854D7-D89A-43C6-B8E3-E31C2E385276}.Debug|Any CPU.Build.0 = Debug|Any CPU
		{B16854D7-D89A-43C6-B8E3-E31C2E385276}.Release|Any CPU.ActiveCfg = Release|Any CPU
		{B16854D7-D89A-43C6-B8E3-E31C2E385276}.Release|Any CPU.Build.0 = Release|Any CPU
	EndGlobalSection
	GlobalSection(SolutionProperties) = preSolution
		HideSolutionNode = FALSE
	EndGlobalSection
	GlobalSection(ExtensibilityGlobals) = postSolution
		SolutionGuid = {1E2651D9-F4EC-4852-A1A4-3F1236860F84}
	EndGlobalSection
EndGlobal
