
Microsoft Visual Studio Solution File, Format Version 12.00
# Visual Studio Version 16
VisualStudioVersion = 16.0.31129.286
MinimumVisualStudioVersion = 10.0.40219.1
Project("{FAE04EC0-301F-11D3-BF4B-00C04F79EFBC}") = "program2", "program2.csproj", "{13FFAF4B-DEA5-44CD-BB68-91FEFA5FA308}"
EndProject
Global
	GlobalSection(SolutionConfigurationPlatforms) = preSolution
		Debug|Any CPU = Debug|Any CPU
		Release|Any CPU = Release|Any CPU
	EndGlobalSection
	GlobalSection(ProjectConfigurationPlatforms) = postSolution
		{13FFAF4B-DEA5-44CD-BB68-91FEFA5FA308}.Debug|Any CPU.ActiveCfg = Debug|Any CPU
		{13FFAF4B-DEA5-44CD-BB68-91FEFA5FA308}.Debug|Any CPU.Build.0 = Debug|Any CPU
		{13FFAF4B-DEA5-44CD-BB68-91FEFA5FA308}.Release|Any CPU.ActiveCfg = Release|Any CPU
		{13FFAF4B-DEA5-44CD-BB68-91FEFA5FA308}.Release|Any CPU.Build.0 = Release|Any CPU
	EndGlobalSection
	GlobalSection(SolutionProperties) = preSolution
		HideSolutionNode = FALSE
	EndGlobalSection
	GlobalSection(ExtensibilityGlobals) = postSolution
		SolutionGuid = {FBE1BD87-F114-4BCF-990D-8BF34E4CFA2D}
	EndGlobalSection
EndGlobal
