
Microsoft Visual Studio Solution File, Format Version 12.00
# Visual Studio Version 16
VisualStudioVersion = 16.0.31129.286
MinimumVisualStudioVersion = 10.0.40219.1
Project("{FAE04EC0-301F-11D3-BF4B-00C04F79EFBC}") = "Armstrong", "Armstrong.csproj", "{907F29DC-2446-43AB-90E9-AB3DC177BBBB}"
EndProject
Global
	GlobalSection(SolutionConfigurationPlatforms) = preSolution
		Debug|Any CPU = Debug|Any CPU
		Release|Any CPU = Release|Any CPU
	EndGlobalSection
	GlobalSection(ProjectConfigurationPlatforms) = postSolution
		{907F29DC-2446-43AB-90E9-AB3DC177BBBB}.Debug|Any CPU.ActiveCfg = Debug|Any CPU
		{907F29DC-2446-43AB-90E9-AB3DC177BBBB}.Debug|Any CPU.Build.0 = Debug|Any CPU
		{907F29DC-2446-43AB-90E9-AB3DC177BBBB}.Release|Any CPU.ActiveCfg = Release|Any CPU
		{907F29DC-2446-43AB-90E9-AB3DC177BBBB}.Release|Any CPU.Build.0 = Release|Any CPU
	EndGlobalSection
	GlobalSection(SolutionProperties) = preSolution
		HideSolutionNode = FALSE
	EndGlobalSection
	GlobalSection(ExtensibilityGlobals) = postSolution
		SolutionGuid = {3451979A-62C6-4FD6-AEA6-6190CC116C97}
	EndGlobalSection
EndGlobal
